
Microsoft Visual Studio Solution File, Format Version 12.00
# Visual Studio Version 17
VisualStudioVersion = 17.14.36401.2 d17.14
MinimumVisualStudioVersion = 10.0.40219.1
Project("{FAE04EC0-301F-11D3-BF4B-00C04F79EFBC}") = "Solucao", "Solucao.csproj", "{FBDE6D17-3858-1A14-FE3C-0A60293E5EE4}"
EndProject
Global
	GlobalSection(SolutionConfigurationPlatforms) = preSolution
		Debug|Any CPU = Debug|Any CPU
		Release|Any CPU = Release|Any CPU
	EndGlobalSection
	GlobalSection(ProjectConfigurationPlatforms) = postSolution
		{FBDE6D17-3858-1A14-FE3C-0A60293E5EE4}.Debug|Any CPU.ActiveCfg = Debug|Any CPU
		{FBDE6D17-3858-1A14-FE3C-0A60293E5EE4}.Debug|Any CPU.Build.0 = Debug|Any CPU
		{FBDE6D17-3858-1A14-FE3C-0A60293E5EE4}.Release|Any CPU.ActiveCfg = Release|Any CPU
		{FBDE6D17-3858-1A14-FE3C-0A60293E5EE4}.Release|Any CPU.Build.0 = Release|Any CPU
	EndGlobalSection
	GlobalSection(SolutionProperties) = preSolution
		HideSolutionNode = FALSE
	EndGlobalSection
	GlobalSection(ExtensibilityGlobals) = postSolution
		SolutionGuid = {B9110196-6F28-488C-A453-9A2AE464C29C}
	EndGlobalSection
EndGlobal
